{
    "_readme": [
        "This file locks the dependencies of your project to a known state",
        "Read more about it at https://getcomposer.org/doc/01-basic-usage.md#installing-dependencies",
        "This file is @generated automatically"
    ],
    "content-hash": "689ae3e6c0d5a4595825429899185dc2",
    "packages": [
        {
            "name": "deruli/html-minifier",
            "version": "0.5.2",
            "source": {
                "type": "git",
                "url": "https://github.com/derUli/html-minifier.git",
                "reference": "f47527ccd3ed8ffe461dccb660f5477d7f4be314"
            },
            "dist": {
                "type": "zip",
                "url": "https://api.github.com/repos/derUli/html-minifier/zipball/f47527ccd3ed8ffe461dccb660f5477d7f4be314",
                "reference": "f47527ccd3ed8ffe461dccb660f5477d7f4be314",
                "shasum": ""
            },
            "require": {
                "php": ">=5.3.0"
            },
            "require-dev": {
                "satooshi/php-coveralls": "v2.0.0"
            },
            "type": "library",
            "autoload": {
                "psr-0": {
                    "zz": "src/"
                }
            },
            "notification-url": "https://packagist.org/downloads/",
            "license": [
                "BSD-3-Clause"
            ],
            "authors": [
                {
                    "name": "Google inc",
                    "homepage": "http://www.chromium.org/blink",
                    "role": "Author"
                },
                {
                    "name": "zaininnari",
                    "homepage": "https://github.com/zaininnari/",
                    "role": "Developer"
                },
                {
                    "name": "raivisdejus",
                    "homepage": "https://github.com/raivisdejus/",
                    "role": "Developer"
                },
                {
                    "name": "derUli",
                    "homepage": "https://github.com/derUli/",
                    "role": "Developer"
                }
            ],
            "description": "The Blink HTMLTokenizer ported to PHP. Fork by derUli.",
            "homepage": "https://github.com/derUli/html-minifier",
            "keywords": [
                "Blink",
                "HTML minify",
                "php"
            ],
            "support": {
                "source": "https://github.com/derUli/html-minifier/tree/0.5.2"
            },
            "time": "2023-01-05T13:00:22+00:00"
        },
        {
            "name": "mf2/mf2",
            "version": "v0.5.0",
            "source": {
                "type": "git",
                "url": "https://github.com/microformats/php-mf2.git",
                "reference": "ddc56de6be62ed4a21f569de9b80e17af678ca50"
            },
            "dist": {
                "type": "zip",
                "url": "https://api.github.com/repos/microformats/php-mf2/zipball/ddc56de6be62ed4a21f569de9b80e17af678ca50",
                "reference": "ddc56de6be62ed4a21f569de9b80e17af678ca50",
                "shasum": ""
            },
            "require": {
                "php": ">=5.6.0"
            },
            "require-dev": {
                "dealerdirect/phpcodesniffer-composer-installer": "^0.7",
                "mf2/tests": "dev-master#e9e2b905821ba0a5b59dab1a8eaf40634ce9cd49",
                "phpcompatibility/php-compatibility": "^9.3",
                "phpunit/phpunit": "^5.7",
                "squizlabs/php_codesniffer": "^3.6.2"
            },
            "suggest": {
                "barnabywalters/mf-cleaner": "To more easily handle the canonical data php-mf2 gives you",
                "masterminds/html5": "Alternative HTML parser for PHP, for better HTML5 support."
            },
            "bin": [
                "bin/fetch-mf2",
                "bin/parse-mf2"
            ],
            "type": "library",
            "autoload": {
                "files": [
                    "Mf2/Parser.php"
                ]
            },
            "notification-url": "https://packagist.org/downloads/",
            "license": [
                "CC0-1.0"
            ],
            "authors": [
                {
                    "name": "Barnaby Walters",
                    "homepage": "http://waterpigs.co.uk"
                }
            ],
            "description": "A pure, generic microformats2 parser — makes HTML as easy to consume as a JSON API",
            "keywords": [
                "html",
                "microformats",
                "microformats 2",
                "parser",
                "semantic"
            ],
            "support": {
                "issues": "https://github.com/microformats/php-mf2/issues",
                "source": "https://github.com/microformats/php-mf2/tree/v0.5.0"
            },
            "time": "2022-02-10T01:05:27+00:00"
        }
    ],
    "packages-dev": [],
    "aliases": [],
    "minimum-stability": "stable",
    "stability-flags": [],
    "prefer-stable": false,
    "prefer-lowest": false,
    "platform": [],
    "platform-dev": [],
    "plugin-api-version": "2.6.0"
}
